
Microsoft Visual Studio Solution File, Format Version 12.00
Project("{FAE04EC0-301F-11D3-BF4B-00C04F79EFBC}") = "DotLoader", "DotLoader\DotLoader.csproj", "{40534EE0-1D9A-46CD-88F0-B380D5B18FFF}"
EndProject
Global
	GlobalSection(SolutionConfigurationPlatforms) = preSolution
		Debug|Any CPU = Debug|Any CPU
		Release|Any CPU = Release|Any CPU
	EndGlobalSection
	GlobalSection(ProjectConfigurationPlatforms) = postSolution
		{40534EE0-1D9A-46CD-88F0-B380D5B18FFF}.Debug|Any CPU.ActiveCfg = Debug|Any CPU
		{40534EE0-1D9A-46CD-88F0-B380D5B18FFF}.Debug|Any CPU.Build.0 = Debug|Any CPU
		{40534EE0-1D9A-46CD-88F0-B380D5B18FFF}.Release|Any CPU.ActiveCfg = Release|Any CPU
		{40534EE0-1D9A-46CD-88F0-B380D5B18FFF}.Release|Any CPU.Build.0 = Release|Any CPU
	EndGlobalSection
EndGlobal
